
Microsoft Visual Studio Solution File, Format Version 12.00
# Visual Studio 2013
VisualStudioVersion = 12.0.21005.1
MinimumVisualStudioVersion = 10.0.40219.1
Project("{FAE04EC0-301F-11D3-BF4B-00C04F79EFBC}") = "Buoi3", "Buoi3\Buoi3.csproj", "{4268676C-9A8A-4DA6-9A5C-AF0467040B77}"
EndProject
Project("{FAE04EC0-301F-11D3-BF4B-00C04F79EFBC}") = "UserControls", "UserControls\UserControls.csproj", "{8BE5015E-CC67-42FF-8F19-FB83BE1FAB58}"
EndProject
Project("{FAE04EC0-301F-11D3-BF4B-00C04F79EFBC}") = "Digital_Clock", "Digital_Clock\Digital_Clock.csproj", "{298E3758-4250-4CCB-9416-FCD565FBCAEB}"
EndProject
Project("{FAE04EC0-301F-11D3-BF4B-00C04F79EFBC}") = "Controls", "Controls\Controls.csproj", "{BBFACBD0-4893-4F0E-98E5-53862646B47F}"
EndProject
Global
	GlobalSection(SolutionConfigurationPlatforms) = preSolution
		Debug|Any CPU = Debug|Any CPU
		Release|Any CPU = Release|Any CPU
	EndGlobalSection
	GlobalSection(ProjectConfigurationPlatforms) = postSolution
		{4268676C-9A8A-4DA6-9A5C-AF0467040B77}.Debug|Any CPU.ActiveCfg = Debug|Any CPU
		{4268676C-9A8A-4DA6-9A5C-AF0467040B77}.Debug|Any CPU.Build.0 = Debug|Any CPU
		{4268676C-9A8A-4DA6-9A5C-AF0467040B77}.Release|Any CPU.ActiveCfg = Release|Any CPU
		{4268676C-9A8A-4DA6-9A5C-AF0467040B77}.Release|Any CPU.Build.0 = Release|Any CPU
		{8BE5015E-CC67-42FF-8F19-FB83BE1FAB58}.Debug|Any CPU.ActiveCfg = Debug|Any CPU
		{8BE5015E-CC67-42FF-8F19-FB83BE1FAB58}.Debug|Any CPU.Build.0 = Debug|Any CPU
		{8BE5015E-CC67-42FF-8F19-FB83BE1FAB58}.Release|Any CPU.ActiveCfg = Release|Any CPU
		{8BE5015E-CC67-42FF-8F19-FB83BE1FAB58}.Release|Any CPU.Build.0 = Release|Any CPU
		{298E3758-4250-4CCB-9416-FCD565FBCAEB}.Debug|Any CPU.ActiveCfg = Debug|Any CPU
		{298E3758-4250-4CCB-9416-FCD565FBCAEB}.Debug|Any CPU.Build.0 = Debug|Any CPU
		{298E3758-4250-4CCB-9416-FCD565FBCAEB}.Release|Any CPU.ActiveCfg = Release|Any CPU
		{298E3758-4250-4CCB-9416-FCD565FBCAEB}.Release|Any CPU.Build.0 = Release|Any CPU
		{BBFACBD0-4893-4F0E-98E5-53862646B47F}.Debug|Any CPU.ActiveCfg = Debug|Any CPU
		{BBFACBD0-4893-4F0E-98E5-53862646B47F}.Debug|Any CPU.Build.0 = Debug|Any CPU
		{BBFACBD0-4893-4F0E-98E5-53862646B47F}.Release|Any CPU.ActiveCfg = Release|Any CPU
		{BBFACBD0-4893-4F0E-98E5-53862646B47F}.Release|Any CPU.Build.0 = Release|Any CPU
	EndGlobalSection
	GlobalSection(SolutionProperties) = preSolution
		HideSolutionNode = FALSE
	EndGlobalSection
EndGlobal
